
Microsoft Visual Studio Solution File, Format Version 12.00
# Visual Studio Version 17
VisualStudioVersion = 17.0.32014.148
MinimumVisualStudioVersion = 10.0.40219.1
Project("{FAE04EC0-301F-11D3-BF4B-00C04F79EFBC}") = "AutoBotAPI", "AutoBotAPI\AutoBotAPI.csproj", "{5E2CC893-0CA8-46C2-A781-F47349D019B4}"
EndProject
Project("{FAE04EC0-301F-11D3-BF4B-00C04F79EFBC}") = "AutoBotModels", "AutoBotModels\AutoBotModels.csproj", "{FCDB6AE2-1FEA-4E6A-B9E2-CBFCBE50DF9E}"
EndProject
Project("{FAE04EC0-301F-11D3-BF4B-00C04F79EFBC}") = "AutoBotWorkerService", "AutoBotWorkerService\AutoBotWorkerService.csproj", "{33618C4F-95EA-4483-BF9B-9026A12AD7D3}"
EndProject
Global
	GlobalSection(SolutionConfigurationPlatforms) = preSolution
		Debug|Any CPU = Debug|Any CPU
		Release|Any CPU = Release|Any CPU
	EndGlobalSection
	GlobalSection(ProjectConfigurationPlatforms) = postSolution
		{5E2CC893-0CA8-46C2-A781-F47349D019B4}.Debug|Any CPU.ActiveCfg = Debug|Any CPU
		{5E2CC893-0CA8-46C2-A781-F47349D019B4}.Debug|Any CPU.Build.0 = Debug|Any CPU
		{5E2CC893-0CA8-46C2-A781-F47349D019B4}.Release|Any CPU.ActiveCfg = Release|Any CPU
		{5E2CC893-0CA8-46C2-A781-F47349D019B4}.Release|Any CPU.Build.0 = Release|Any CPU
		{FCDB6AE2-1FEA-4E6A-B9E2-CBFCBE50DF9E}.Debug|Any CPU.ActiveCfg = Debug|Any CPU
		{FCDB6AE2-1FEA-4E6A-B9E2-CBFCBE50DF9E}.Debug|Any CPU.Build.0 = Debug|Any CPU
		{FCDB6AE2-1FEA-4E6A-B9E2-CBFCBE50DF9E}.Release|Any CPU.ActiveCfg = Release|Any CPU
		{FCDB6AE2-1FEA-4E6A-B9E2-CBFCBE50DF9E}.Release|Any CPU.Build.0 = Release|Any CPU
		{33618C4F-95EA-4483-BF9B-9026A12AD7D3}.Debug|Any CPU.ActiveCfg = Debug|Any CPU
		{33618C4F-95EA-4483-BF9B-9026A12AD7D3}.Debug|Any CPU.Build.0 = Debug|Any CPU
		{33618C4F-95EA-4483-BF9B-9026A12AD7D3}.Release|Any CPU.ActiveCfg = Release|Any CPU
		{33618C4F-95EA-4483-BF9B-9026A12AD7D3}.Release|Any CPU.Build.0 = Release|Any CPU
	EndGlobalSection
	GlobalSection(SolutionProperties) = preSolution
		HideSolutionNode = FALSE
	EndGlobalSection
	GlobalSection(ExtensibilityGlobals) = postSolution
		SolutionGuid = {ED58E937-DECE-4CAA-A9BD-0A86637D0E1C}
	EndGlobalSection
EndGlobal
